
Microsoft Visual Studio Solution File, Format Version 12.00
# Visual Studio 2013
VisualStudioVersion = 12.0.31101.0
MinimumVisualStudioVersion = 10.0.40219.1
Project("{FAE04EC0-301F-11D3-BF4B-00C04F79EFBC}") = "L14M1", "L14M1\L14M1.csproj", "{91D01861-92E3-4E4E-A785-A2E945181300}"
EndProject
Global
	GlobalSection(SolutionConfigurationPlatforms) = preSolution
		Debug|Any CPU = Debug|Any CPU
		Release|Any CPU = Release|Any CPU
	EndGlobalSection
	GlobalSection(ProjectConfigurationPlatforms) = postSolution
		{91D01861-92E3-4E4E-A785-A2E945181300}.Debug|Any CPU.ActiveCfg = Debug|Any CPU
		{91D01861-92E3-4E4E-A785-A2E945181300}.Debug|Any CPU.Build.0 = Debug|Any CPU
		{91D01861-92E3-4E4E-A785-A2E945181300}.Release|Any CPU.ActiveCfg = Release|Any CPU
		{91D01861-92E3-4E4E-A785-A2E945181300}.Release|Any CPU.Build.0 = Release|Any CPU
	EndGlobalSection
	GlobalSection(SolutionProperties) = preSolution
		HideSolutionNode = FALSE
	EndGlobalSection
EndGlobal
